
Microsoft Visual Studio Solution File, Format Version 12.00
# Visual Studio Version 17
VisualStudioVersion = 17.4.33213.308
MinimumVisualStudioVersion = 10.0.40219.1
Project("{9A19103F-16F7-4668-BE54-9A1E7A4F7556}") = "Exam-answerWeb", "Exam-answerWeb\Exam-answerWeb.csproj", "{36E3A73C-363E-493A-9E95-D4BB8FFADA63}"
EndProject
Project("{9A19103F-16F7-4668-BE54-9A1E7A4F7556}") = "UnitTests", "UnitTests\UnitTests.csproj", "{E41C1D1A-517E-4365-86DB-7933D320F24F}"
EndProject
Project("{9A19103F-16F7-4668-BE54-9A1E7A4F7556}") = "DAL", "DAL\DAL.csproj", "{B8D063E8-D387-43AD-AED1-37BD14891536}"
EndProject
Project("{9A19103F-16F7-4668-BE54-9A1E7A4F7556}") = "ExamAnswerNew", "ExamAnswerNew\ExamAnswerNew.csproj", "{421104C6-0E71-47CB-A4DB-D61C46F651BB}"
EndProject
Project("{9A19103F-16F7-4668-BE54-9A1E7A4F7556}") = "ExamAnswerRazor", "ExamAnswerRazor\ExamAnswerRazor.csproj", "{41B59F8A-F85D-4216-B453-2AE0A2CEC8A8}"
EndProject
Global
	GlobalSection(SolutionConfigurationPlatforms) = preSolution
		Debug|Any CPU = Debug|Any CPU
		Release|Any CPU = Release|Any CPU
	EndGlobalSection
	GlobalSection(ProjectConfigurationPlatforms) = postSolution
		{36E3A73C-363E-493A-9E95-D4BB8FFADA63}.Debug|Any CPU.ActiveCfg = Debug|Any CPU
		{36E3A73C-363E-493A-9E95-D4BB8FFADA63}.Debug|Any CPU.Build.0 = Debug|Any CPU
		{36E3A73C-363E-493A-9E95-D4BB8FFADA63}.Release|Any CPU.ActiveCfg = Release|Any CPU
		{36E3A73C-363E-493A-9E95-D4BB8FFADA63}.Release|Any CPU.Build.0 = Release|Any CPU
		{E41C1D1A-517E-4365-86DB-7933D320F24F}.Debug|Any CPU.ActiveCfg = Debug|Any CPU
		{E41C1D1A-517E-4365-86DB-7933D320F24F}.Debug|Any CPU.Build.0 = Debug|Any CPU
		{E41C1D1A-517E-4365-86DB-7933D320F24F}.Release|Any CPU.ActiveCfg = Release|Any CPU
		{E41C1D1A-517E-4365-86DB-7933D320F24F}.Release|Any CPU.Build.0 = Release|Any CPU
		{B8D063E8-D387-43AD-AED1-37BD14891536}.Debug|Any CPU.ActiveCfg = Debug|Any CPU
		{B8D063E8-D387-43AD-AED1-37BD14891536}.Debug|Any CPU.Build.0 = Debug|Any CPU
		{B8D063E8-D387-43AD-AED1-37BD14891536}.Release|Any CPU.ActiveCfg = Release|Any CPU
		{B8D063E8-D387-43AD-AED1-37BD14891536}.Release|Any CPU.Build.0 = Release|Any CPU
		{421104C6-0E71-47CB-A4DB-D61C46F651BB}.Debug|Any CPU.ActiveCfg = Debug|Any CPU
		{421104C6-0E71-47CB-A4DB-D61C46F651BB}.Debug|Any CPU.Build.0 = Debug|Any CPU
		{421104C6-0E71-47CB-A4DB-D61C46F651BB}.Release|Any CPU.ActiveCfg = Release|Any CPU
		{421104C6-0E71-47CB-A4DB-D61C46F651BB}.Release|Any CPU.Build.0 = Release|Any CPU
		{41B59F8A-F85D-4216-B453-2AE0A2CEC8A8}.Debug|Any CPU.ActiveCfg = Debug|Any CPU
		{41B59F8A-F85D-4216-B453-2AE0A2CEC8A8}.Debug|Any CPU.Build.0 = Debug|Any CPU
		{41B59F8A-F85D-4216-B453-2AE0A2CEC8A8}.Release|Any CPU.ActiveCfg = Release|Any CPU
		{41B59F8A-F85D-4216-B453-2AE0A2CEC8A8}.Release|Any CPU.Build.0 = Release|Any CPU
	EndGlobalSection
	GlobalSection(SolutionProperties) = preSolution
		HideSolutionNode = FALSE
	EndGlobalSection
	GlobalSection(ExtensibilityGlobals) = postSolution
		SolutionGuid = {396D8A3E-4D4E-4B17-B77A-9D36C106D835}
	EndGlobalSection
EndGlobal
